// !$*UTF8*$!
{
	archiveVersion = 1;
	classes = {
	};
	objectVersion = 46;
	objects = {

/* Begin PBXBuildFile section */
		9042D505172062BB007CFC18 /* Card.m in Sources */ = {isa = PBXBuildFile; fileRef = 9042D504172062BB007CFC18 /* Card.m */; };
		9042D509172062FD007CFC18 /* Deck.m in Sources */ = {isa = PBXBuildFile; fileRef = 9042D508172062FD007CFC18 /* Deck.m */; };
		9042D50C1720631E007CFC18 /* PlayingCard.m in Sources */ = {isa = PBXBuildFile; fileRef = 9042D50B1720631E007CFC18 /* PlayingCard.m */; };
		9042D50F17206338007CFC18 /* PlayingCardDeck.m in Sources */ = {isa = PBXBuildFile; fileRef = 9042D50E17206338007CFC18 /* PlayingCardDeck.m */; };
		90875DCD172035DF00DFDCC6 /* UIKit.framework in Frameworks */ = {isa = PBXBuildFile; fileRef = 90875DCC172035DF00DFDCC6 /* UIKit.framework */; };
		90875DCF172035DF00DFDCC6 /* Foundation.framework in Frameworks */ = {isa = PBXBuildFile; fileRef = 90875DCE172035DF00DFDCC6 /* Foundation.framework */; };
		90875DD1172035DF00DFDCC6 /* CoreGraphics.framework in Frameworks */ = {isa = PBXBuildFile; fileRef = 90875DD0172035DF00DFDCC6 /* CoreGraphics.framework */; };
		90875DD7172035DF00DFDCC6 /* InfoPlist.strings in Resources */ = {isa = PBXBuildFile; fileRef = 90875DD5172035DF00DFDCC6 /* InfoPlist.strings */; };
		90875DD9172035DF00DFDCC6 /* main.m in Sources */ = {isa = PBXBuildFile; fileRef = 90875DD8172035DF00DFDCC6 /* main.m */; };
		90875DDD172035DF00DFDCC6 /* CardGameAppDelegate.m in Sources */ = {isa = PBXBuildFile; fileRef = 90875DDC172035DF00DFDCC6 /* CardGameAppDelegate.m */; };
		90875DDF172035DF00DFDCC6 /* Default.png in Resources */ = {isa = PBXBuildFile; fileRef = 90875DDE172035DF00DFDCC6 /* Default.png */; };
		90875DE1172035DF00DFDCC6 /* Default@2x.png in Resources */ = {isa = PBXBuildFile; fileRef = 90875DE0172035DF00DFDCC6 /* Default@2x.png */; };
		90875DE3172035DF00DFDCC6 /* Default-568h@2x.png in Resources */ = {isa = PBXBuildFile; fileRef = 90875DE2172035DF00DFDCC6 /* Default-568h@2x.png */; };
		90875DE6172035DF00DFDCC6 /* MainStoryboard.storyboard in Resources */ = {isa = PBXBuildFile; fileRef = 90875DE4172035DF00DFDCC6 /* MainStoryboard.storyboard */; };
		90875DE9172035DF00DFDCC6 /* CardGameViewController.m in Sources */ = {isa = PBXBuildFile; fileRef = 90875DE8172035DF00DFDCC6 /* CardGameViewController.m */; };
/* End PBXBuildFile section */

/* Begin PBXFileReference section */
		9042D503172062BB007CFC18 /* Card.h */ = {isa = PBXFileReference; fileEncoding = 4; lastKnownFileType = sourcecode.c.h; name = Card.h; path = Model/Card.h; sourceTree = "<group>"; };
		9042D504172062BB007CFC18 /* Card.m */ = {isa = PBXFileReference; fileEncoding = 4; lastKnownFileType = sourcecode.c.objc; name = Card.m; path = Model/Card.m; sourceTree = "<group>"; };
		9042D507172062FD007CFC18 /* Deck.h */ = {isa = PBXFileReference; fileEncoding = 4; lastKnownFileType = sourcecode.c.h; path = Deck.h; sourceTree = "<group>"; };
		9042D508172062FD007CFC18 /* Deck.m */ = {isa = PBXFileReference; fileEncoding = 4; lastKnownFileType = sourcecode.c.objc; path = Deck.m; sourceTree = "<group>"; };
		9042D50A1720631E007CFC18 /* PlayingCard.h */ = {isa = PBXFileReference; fileEncoding = 4; lastKnownFileType = sourcecode.c.h; name = PlayingCard.h; path = Model/PlayingCard.h; sourceTree = "<group>"; };
		9042D50B1720631E007CFC18 /* PlayingCard.m */ = {isa = PBXFileReference; fileEncoding = 4; lastKnownFileType = sourcecode.c.objc; name = PlayingCard.m; path = Model/PlayingCard.m; sourceTree = "<group>"; };
		9042D50D17206338007CFC18 /* PlayingCardDeck.h */ = {isa = PBXFileReference; fileEncoding = 4; lastKnownFileType = sourcecode.c.h; name = PlayingCardDeck.h; path = Model/PlayingCardDeck.h; sourceTree = "<group>"; };
		9042D50E17206338007CFC18 /* PlayingCardDeck.m */ = {isa = PBXFileReference; fileEncoding = 4; lastKnownFileType = sourcecode.c.objc; name = PlayingCardDeck.m; path = Model/PlayingCardDeck.m; sourceTree = "<group>"; };
		90875DC9172035DF00DFDCC6 /* Matchismo.app */ = {isa = PBXFileReference; explicitFileType = wrapper.application; includeInIndex = 0; path = Matchismo.app; sourceTree = BUILT_PRODUCTS_DIR; };
		90875DCC172035DF00DFDCC6 /* UIKit.framework */ = {isa = PBXFileReference; lastKnownFileType = wrapper.framework; name = UIKit.framework; path = System/Library/Frameworks/UIKit.framework; sourceTree = SDKROOT; };
		90875DCE172035DF00DFDCC6 /* Foundation.framework */ = {isa = PBXFileReference; lastKnownFileType = wrapper.framework; name = Foundation.framework; path = System/Library/Frameworks/Foundation.framework; sourceTree = SDKROOT; };
		90875DD0172035DF00DFDCC6 /* CoreGraphics.framework */ = {isa = PBXFileReference; lastKnownFileType = wrapper.framework; name = CoreGraphics.framework; path = System/Library/Frameworks/CoreGraphics.framework; sourceTree = SDKROOT; };
		90875DD4172035DF00DFDCC6 /* Matchismo-Info.plist */ = {isa = PBXFileReference; lastKnownFileType = text.plist.xml; path = "Matchismo-Info.plist"; sourceTree = "<group>"; };
		90875DD6172035DF00DFDCC6 /* en */ = {isa = PBXFileReference; lastKnownFileType = text.plist.strings; name = en; path = en.lproj/InfoPlist.strings; sourceTree = "<group>"; };
		90875DD8172035DF00DFDCC6 /* main.m */ = {isa = PBXFileReference; lastKnownFileType = sourcecode.c.objc; path = main.m; sourceTree = "<group>"; };
		90875DDA172035DF00DFDCC6 /* Matchismo-Prefix.pch */ = {isa = PBXFileReference; lastKnownFileType = sourcecode.c.h; path = "Matchismo-Prefix.pch"; sourceTree = "<group>"; };
		90875DDB172035DF00DFDCC6 /* CardGameAppDelegate.h */ = {isa = PBXFileReference; lastKnownFileType = sourcecode.c.h; path = CardGameAppDelegate.h; sourceTree = "<group>"; };
		90875DDC172035DF00DFDCC6 /* CardGameAppDelegate.m */ = {isa = PBXFileReference; lastKnownFileType = sourcecode.c.objc; path = CardGameAppDelegate.m; sourceTree = "<group>"; };
		90875DDE172035DF00DFDCC6 /* Default.png */ = {isa = PBXFileReference; lastKnownFileType = image.png; path = Default.png; sourceTree = "<group>"; };
		90875DE0172035DF00DFDCC6 /* Default@2x.png */ = {isa = PBXFileReference; lastKnownFileType = image.png; path = "Default@2x.png"; sourceTree = "<group>"; };
		90875DE2172035DF00DFDCC6 /* Default-568h@2x.png */ = {isa = PBXFileReference; lastKnownFileType = image.png; path = "Default-568h@2x.png"; sourceTree = "<group>"; };
		90875DE5172035DF00DFDCC6 /* en */ = {isa = PBXFileReference; lastKnownFileType = file.storyboard; name = en; path = en.lproj/MainStoryboard.storyboard; sourceTree = "<group>"; };
		90875DE7172035DF00DFDCC6 /* CardGameViewController.h */ = {isa = PBXFileReference; lastKnownFileType = sourcecode.c.h; path = CardGameViewController.h; sourceTree = "<group>"; };
		90875DE8172035DF00DFDCC6 /* CardGameViewController.m */ = {isa = PBXFileReference; lastKnownFileType = sourcecode.c.objc; path = CardGameViewController.m; sourceTree = "<group>"; };
/* End PBXFileReference section */

/* Begin PBXFrameworksBuildPhase section */
		90875DC6172035DF00DFDCC6 /* Frameworks */ = {
			isa = PBXFrameworksBuildPhase;
			buildActionMask = 2147483647;
			files = (
				90875DCD172035DF00DFDCC6 /* UIKit.framework in Frameworks */,
				90875DCF172035DF00DFDCC6 /* Foundation.framework in Frameworks */,
				90875DD1172035DF00DFDCC6 /* CoreGraphics.framework in Frameworks */,
			);
			runOnlyForDeploymentPostprocessing = 0;
		};
/* End PBXFrameworksBuildPhase section */

/* Begin PBXGroup section */
		9042D506172062CF007CFC18 /* Model */ = {
			isa = PBXGroup;
			children = (
				9042D503172062BB007CFC18 /* Card.h */,
				9042D504172062BB007CFC18 /* Card.m */,
				9042D507172062FD007CFC18 /* Deck.h */,
				9042D508172062FD007CFC18 /* Deck.m */,
				9042D50A1720631E007CFC18 /* PlayingCard.h */,
				9042D50B1720631E007CFC18 /* PlayingCard.m */,
				9042D50D17206338007CFC18 /* PlayingCardDeck.h */,
				9042D50E17206338007CFC18 /* PlayingCardDeck.m */,
			);
			name = Model;
			sourceTree = "<group>";
		};
		90875DC0172035DF00DFDCC6 = {
			isa = PBXGroup;
			children = (
				90875DD2172035DF00DFDCC6 /* Matchismo */,
				90875DCB172035DF00DFDCC6 /* Frameworks */,
				90875DCA172035DF00DFDCC6 /* Products */,
			);
			sourceTree = "<group>";
		};
		90875DCA172035DF00DFDCC6 /* Products */ = {
			isa = PBXGroup;
			children = (
				90875DC9172035DF00DFDCC6 /* Matchismo.app */,
			);
			name = Products;
			sourceTree = "<group>";
		};
		90875DCB172035DF00DFDCC6 /* Frameworks */ = {
			isa = PBXGroup;
			children = (
				90875DCC172035DF00DFDCC6 /* UIKit.framework */,
				90875DCE172035DF00DFDCC6 /* Foundation.framework */,
				90875DD0172035DF00DFDCC6 /* CoreGraphics.framework */,
			);
			name = Frameworks;
			sourceTree = "<group>";
		};
		90875DD2172035DF00DFDCC6 /* Matchismo */ = {
			isa = PBXGroup;
			children = (
				90875DDB172035DF00DFDCC6 /* CardGameAppDelegate.h */,
				90875DDC172035DF00DFDCC6 /* CardGameAppDelegate.m */,
				90875DE4172035DF00DFDCC6 /* MainStoryboard.storyboard */,
				9042D506172062CF007CFC18 /* Model */,
				90875DE7172035DF00DFDCC6 /* CardGameViewController.h */,
				90875DE8172035DF00DFDCC6 /* CardGameViewController.m */,
				90875DD3172035DF00DFDCC6 /* Supporting Files */,
			);
			path = Matchismo;
			sourceTree = "<group>";
		};
		90875DD3172035DF00DFDCC6 /* Supporting Files */ = {
			isa = PBXGroup;
			children = (
				90875DD4172035DF00DFDCC6 /* Matchismo-Info.plist */,
				90875DD5172035DF00DFDCC6 /* InfoPlist.strings */,
				90875DD8172035DF00DFDCC6 /* main.m */,
				90875DDA172035DF00DFDCC6 /* Matchismo-Prefix.pch */,
				90875DDE172035DF00DFDCC6 /* Default.png */,
				90875DE0172035DF00DFDCC6 /* Default@2x.png */,
				90875DE2172035DF00DFDCC6 /* Default-568h@2x.png */,
			);
			name = "Supporting Files";
			sourceTree = "<group>";
		};
/* End PBXGroup section */

/* Begin PBXNativeTarget section */
		90875DC8172035DF00DFDCC6 /* Matchismo */ = {
			isa = PBXNativeTarget;
			buildConfigurationList = 90875DEC172035DF00DFDCC6 /* Build configuration list for PBXNativeTarget "Matchismo" */;
			buildPhases = (
				90875DC5172035DF00DFDCC6 /* Sources */,
				90875DC6172035DF00DFDCC6 /* Frameworks */,
				90875DC7172035DF00DFDCC6 /* Resources */,
			);
			buildRules = (
			);
			dependencies = (
			);
			name = Matchismo;
			productName = Matchismo;
			productReference = 90875DC9172035DF00DFDCC6 /* Matchismo.app */;
			productType = "com.apple.product-type.application";
		};
/* End PBXNativeTarget section */

/* Begin PBXProject section */
		90875DC1172035DF00DFDCC6 /* Project object */ = {
			isa = PBXProject;
			attributes = {
				CLASSPREFIX = CardGame;
				LastUpgradeCheck = 0460;
				ORGANIZATIONNAME = "Galaxis Ahoy";
			};
			buildConfigurationList = 90875DC4172035DF00DFDCC6 /* Build configuration list for PBXProject "Matchismo" */;
			compatibilityVersion = "Xcode 3.2";
			developmentRegion = English;
			hasScannedForEncodings = 0;
			knownRegions = (
				en,
			);
			mainGroup = 90875DC0172035DF00DFDCC6;
			productRefGroup = 90875DCA172035DF00DFDCC6 /* Products */;
			projectDirPath = "";
			projectRoot = "";
			targets = (
				90875DC8172035DF00DFDCC6 /* Matchismo */,
			);
		};
/* End PBXProject section */

/* Begin PBXResourcesBuildPhase section */
		90875DC7172035DF00DFDCC6 /* Resources */ = {
			isa = PBXResourcesBuildPhase;
			buildActionMask = 2147483647;
			files = (
				90875DD7172035DF00DFDCC6 /* InfoPlist.strings in Resources */,
				90875DDF172035DF00DFDCC6 /* Default.png in Resources */,
				90875DE1172035DF00DFDCC6 /* Default@2x.png in Resources */,
				90875DE3172035DF00DFDCC6 /* Default-568h@2x.png in Resources */,
				90875DE6172035DF00DFDCC6 /* MainStoryboard.storyboard in Resources */,
			);
			runOnlyForDeploymentPostprocessing = 0;
		};
/* End PBXResourcesBuildPhase section */

/* Begin PBXSourcesBuildPhase section */
		90875DC5172035DF00DFDCC6 /* Sources */ = {
			isa = PBXSourcesBuildPhase;
			buildActionMask = 2147483647;
			files = (
				90875DD9172035DF00DFDCC6 /* main.m in Sources */,
				90875DDD172035DF00DFDCC6 /* CardGameAppDelegate.m in Sources */,
				90875DE9172035DF00DFDCC6 /* CardGameViewController.m in Sources */,
				9042D505172062BB007CFC18 /* Card.m in Sources */,
				9042D509172062FD007CFC18 /* Deck.m in Sources */,
				9042D50C1720631E007CFC18 /* PlayingCard.m in Sources */,
				9042D50F17206338007CFC18 /* PlayingCardDeck.m in Sources */,
			);
			runOnlyForDeploymentPostprocessing = 0;
		};
/* End PBXSourcesBuildPhase section */

/* Begin PBXVariantGroup section */
		90875DD5172035DF00DFDCC6 /* InfoPlist.strings */ = {
			isa = PBXVariantGroup;
			children = (
				90875DD6172035DF00DFDCC6 /* en */,
			);
			name = InfoPlist.strings;
			sourceTree = "<group>";
		};
		90875DE4172035DF00DFDCC6 /* MainStoryboard.storyboard */ = {
			isa = PBXVariantGroup;
			children = (
				90875DE5172035DF00DFDCC6 /* en */,
			);
			name = MainStoryboard.storyboard;
			sourceTree = "<group>";
		};
/* End PBXVariantGroup section */

/* Begin XCBuildConfiguration section */
		90875DEA172035DF00DFDCC6 /* Debug */ = {
			isa = XCBuildConfiguration;
			buildSettings = {
				ALWAYS_SEARCH_USER_PATHS = NO;
				CLANG_CXX_LANGUAGE_STANDARD = "gnu++0x";
				CLANG_CXX_LIBRARY = "libc++";
				CLANG_ENABLE_OBJC_ARC = YES;
				CLANG_WARN_CONSTANT_CONVERSION = YES;
				CLANG_WARN_EMPTY_BODY = YES;
				CLANG_WARN_ENUM_CONVERSION = YES;
				CLANG_WARN_INT_CONVERSION = YES;
				CLANG_WARN__DUPLICATE_METHOD_MATCH = YES;
				"CODE_SIGN_IDENTITY[sdk=iphoneos*]" = "iPhone Developer";
				COPY_PHASE_STRIP = NO;
				GCC_C_LANGUAGE_STANDARD = gnu99;
				GCC_DYNAMIC_NO_PIC = NO;
				GCC_OPTIMIZATION_LEVEL = 0;
				GCC_PREPROCESSOR_DEFINITIONS = (
					"DEBUG=1",
					"$(inherited)",
				);
				GCC_SYMBOLS_PRIVATE_EXTERN = NO;
				GCC_WARN_ABOUT_RETURN_TYPE = YES;
				GCC_WARN_UNINITIALIZED_AUTOS = YES;
				GCC_WARN_UNUSED_VARIABLE = YES;
				IPHONEOS_DEPLOYMENT_TARGET = 6.1;
				ONLY_ACTIVE_ARCH = YES;
				SDKROOT = iphoneos;
			};
			name = Debug;
		};
		90875DEB172035DF00DFDCC6 /* Release */ = {
			isa = XCBuildConfiguration;
			buildSettings = {
				ALWAYS_SEARCH_USER_PATHS = NO;
				CLANG_CXX_LANGUAGE_STANDARD = "gnu++0x";
				CLANG_CXX_LIBRARY = "libc++";
				CLANG_ENABLE_OBJC_ARC = YES;
				CLANG_WARN_CONSTANT_CONVERSION = YES;
				CLANG_WARN_EMPTY_BODY = YES;
				CLANG_WARN_ENUM_CONVERSION = YES;
				CLANG_WARN_INT_CONVERSION = YES;
				CLANG_WARN__DUPLICATE_METHOD_MATCH = YES;
				"CODE_SIGN_IDENTITY[sdk=iphoneos*]" = "iPhone Developer";
				COPY_PHASE_STRIP = YES;
				GCC_C_LANGUAGE_STANDARD = gnu99;
				GCC_WARN_ABOUT_RETURN_TYPE = YES;
				GCC_WARN_UNINITIALIZED_AUTOS = YES;
				GCC_WARN_UNUSED_VARIABLE = YES;
				IPHONEOS_DEPLOYMENT_TARGET = 6.1;
				OTHER_CFLAGS = "-DNS_BLOCK_ASSERTIONS=1";
				SDKROOT = iphoneos;
				VALIDATE_PRODUCT = YES;
			};
			name = Release;
		};
		90875DED172035DF00DFDCC6 /* Debug */ = {
			isa = XCBuildConfiguration;
			buildSettings = {
				GCC_PRECOMPILE_PREFIX_HEADER = YES;
				GCC_PREFIX_HEADER = "Matchismo/Matchismo-Prefix.pch";
				INFOPLIST_FILE = "Matchismo/Matchismo-Info.plist";
				PRODUCT_NAME = "$(TARGET_NAME)";
				WRAPPER_EXTENSION = app;
			};
			name = Debug;
		};
		90875DEE172035DF00DFDCC6 /* Release */ = {
			isa = XCBuildConfiguration;
			buildSettings = {
				GCC_PRECOMPILE_PREFIX_HEADER = YES;
				GCC_PREFIX_HEADER = "Matchismo/Matchismo-Prefix.pch";
				INFOPLIST_FILE = "Matchismo/Matchismo-Info.plist";
				PRODUCT_NAME = "$(TARGET_NAME)";
				WRAPPER_EXTENSION = app;
			};
			name = Release;
		};
/* End XCBuildConfiguration section */

/* Begin XCConfigurationList section */
		90875DC4172035DF00DFDCC6 /* Build configuration list for PBXProject "Matchismo" */ = {
			isa = XCConfigurationList;
			buildConfigurations = (
				90875DEA172035DF00DFDCC6 /* Debug */,
				90875DEB172035DF00DFDCC6 /* Release */,
			);
			defaultConfigurationIsVisible = 0;
			defaultConfigurationName = Release;
		};
		90875DEC172035DF00DFDCC6 /* Build configuration list for PBXNativeTarget "Matchismo" */ = {
			isa = XCConfigurationList;
			buildConfigurations = (
				90875DED172035DF00DFDCC6 /* Debug */,
				90875DEE172035DF00DFDCC6 /* Release */,
			);
			defaultConfigurationIsVisible = 0;
			defaultConfigurationName = Release;
		};
/* End XCConfigurationList section */
	};
	rootObject = 90875DC1172035DF00DFDCC6 /* Project object */;
}
